// !$*UTF8*$!
{
	archiveVersion = 1;
	classes = {
	};
	objectVersion = 56;
	objects = {

/* Begin PBXBuildFile section */
		A10000010000000000000001 /* AITravelGuideApp.swift in Sources */ = {isa = PBXBuildFile; fileRef = A20000010000000000000001; };
		A10000010000000000000002 /* ContentView.swift in Sources */ = {isa = PBXBuildFile; fileRef = A20000010000000000000002; };
		A10000010000000000000003 /* Assets.xcassets in Resources */ = {isa = PBXBuildFile; fileRef = A20000010000000000000003; };
		A10000010000000000000004 /* Tour.swift in Sources */ = {isa = PBXBuildFile; fileRef = A20000010000000000000004; };
		A10000010000000000000005 /* TourStop.swift in Sources */ = {isa = PBXBuildFile; fileRef = A20000010000000000000005; };
		A10000010000000000000006 /* PointOfInterest.swift in Sources */ = {isa = PBXBuildFile; fileRef = A20000010000000000000006; };
		A10000010000000000000007 /* ChatMessage.swift in Sources */ = {isa = PBXBuildFile; fileRef = A20000010000000000000007; };
		A10000010000000000000008 /* LocationManager.swift in Sources */ = {isa = PBXBuildFile; fileRef = A20000010000000000000008; };
		A10000010000000000000009 /* TourGuideService.swift in Sources */ = {isa = PBXBuildFile; fileRef = A20000010000000000000009; };
		A10000010000000000000010 /* MapExploreView.swift in Sources */ = {isa = PBXBuildFile; fileRef = A20000010000000000000010; };
		A10000010000000000000011 /* TourView.swift in Sources */ = {isa = PBXBuildFile; fileRef = A20000010000000000000011; };
		A10000010000000000000012 /* ChatView.swift in Sources */ = {isa = PBXBuildFile; fileRef = A20000010000000000000012; };
		A10000010000000000000013 /* NearbyHighlightsView.swift in Sources */ = {isa = PBXBuildFile; fileRef = A20000010000000000000013; };
		A10000010000000000000014 /* TourStopCard.swift in Sources */ = {isa = PBXBuildFile; fileRef = A20000010000000000000014; };
		A10000010000000000000015 /* POIAnnotationView.swift in Sources */ = {isa = PBXBuildFile; fileRef = A20000010000000000000015; };
		A10000010000000000000016 /* ChatBubble.swift in Sources */ = {isa = PBXBuildFile; fileRef = A20000010000000000000016; };
		A10000010000000000000017 /* TourViewModel.swift in Sources */ = {isa = PBXBuildFile; fileRef = A20000010000000000000017; };
		A10000010000000000000018 /* ChatViewModel.swift in Sources */ = {isa = PBXBuildFile; fileRef = A20000010000000000000018; };
		A10000010000000000000019 /* ExploreViewModel.swift in Sources */ = {isa = PBXBuildFile; fileRef = A20000010000000000000019; };
		A10000010000000000000020 /* HighlightCard.swift in Sources */ = {isa = PBXBuildFile; fileRef = A20000010000000000000020; };
		A10000010000000000000021 /* MapSearchService.swift in Sources */ = {isa = PBXBuildFile; fileRef = A20000010000000000000021; };
		A10000010000000000000022 /* APIKeyManager.swift in Sources */ = {isa = PBXBuildFile; fileRef = A20000010000000000000024; };
		A10000010000000000000023 /* ClaudeAPIService.swift in Sources */ = {isa = PBXBuildFile; fileRef = A20000010000000000000025; };
		A10000010000000000000024 /* SettingsView.swift in Sources */ = {isa = PBXBuildFile; fileRef = A20000010000000000000026; };
/* End PBXBuildFile section */

/* Begin PBXFileReference section */
		A20000010000000000000000 /* AITravelGuide.app */ = {isa = PBXFileReference; explicitFileType = wrapper.application; includeInIndex = 0; path = AITravelGuide.app; sourceTree = BUILT_PRODUCTS_DIR; };
		A20000010000000000000001 /* AITravelGuideApp.swift */ = {isa = PBXFileReference; lastKnownFileType = sourcecode.swift; path = AITravelGuideApp.swift; sourceTree = "<group>"; };
		A20000010000000000000002 /* ContentView.swift */ = {isa = PBXFileReference; lastKnownFileType = sourcecode.swift; path = ContentView.swift; sourceTree = "<group>"; };
		A20000010000000000000003 /* Assets.xcassets */ = {isa = PBXFileReference; lastKnownFileType = folder.assetcatalog; path = Assets.xcassets; sourceTree = "<group>"; };
		A20000010000000000000004 /* Tour.swift */ = {isa = PBXFileReference; lastKnownFileType = sourcecode.swift; path = Tour.swift; sourceTree = "<group>"; };
		A20000010000000000000005 /* TourStop.swift */ = {isa = PBXFileReference; lastKnownFileType = sourcecode.swift; path = TourStop.swift; sourceTree = "<group>"; };
		A20000010000000000000006 /* PointOfInterest.swift */ = {isa = PBXFileReference; lastKnownFileType = sourcecode.swift; path = PointOfInterest.swift; sourceTree = "<group>"; };
		A20000010000000000000007 /* ChatMessage.swift */ = {isa = PBXFileReference; lastKnownFileType = sourcecode.swift; path = ChatMessage.swift; sourceTree = "<group>"; };
		A20000010000000000000008 /* LocationManager.swift */ = {isa = PBXFileReference; lastKnownFileType = sourcecode.swift; path = LocationManager.swift; sourceTree = "<group>"; };
		A20000010000000000000009 /* TourGuideService.swift */ = {isa = PBXFileReference; lastKnownFileType = sourcecode.swift; path = TourGuideService.swift; sourceTree = "<group>"; };
		A20000010000000000000010 /* MapExploreView.swift */ = {isa = PBXFileReference; lastKnownFileType = sourcecode.swift; path = MapExploreView.swift; sourceTree = "<group>"; };
		A20000010000000000000011 /* TourView.swift */ = {isa = PBXFileReference; lastKnownFileType = sourcecode.swift; path = TourView.swift; sourceTree = "<group>"; };
		A20000010000000000000012 /* ChatView.swift */ = {isa = PBXFileReference; lastKnownFileType = sourcecode.swift; path = ChatView.swift; sourceTree = "<group>"; };
		A20000010000000000000013 /* NearbyHighlightsView.swift */ = {isa = PBXFileReference; lastKnownFileType = sourcecode.swift; path = NearbyHighlightsView.swift; sourceTree = "<group>"; };
		A20000010000000000000014 /* TourStopCard.swift */ = {isa = PBXFileReference; lastKnownFileType = sourcecode.swift; path = TourStopCard.swift; sourceTree = "<group>"; };
		A20000010000000000000015 /* POIAnnotationView.swift */ = {isa = PBXFileReference; lastKnownFileType = sourcecode.swift; path = POIAnnotationView.swift; sourceTree = "<group>"; };
		A20000010000000000000016 /* ChatBubble.swift */ = {isa = PBXFileReference; lastKnownFileType = sourcecode.swift; path = ChatBubble.swift; sourceTree = "<group>"; };
		A20000010000000000000017 /* TourViewModel.swift */ = {isa = PBXFileReference; lastKnownFileType = sourcecode.swift; path = TourViewModel.swift; sourceTree = "<group>"; };
		A20000010000000000000018 /* ChatViewModel.swift */ = {isa = PBXFileReference; lastKnownFileType = sourcecode.swift; path = ChatViewModel.swift; sourceTree = "<group>"; };
		A20000010000000000000019 /* ExploreViewModel.swift */ = {isa = PBXFileReference; lastKnownFileType = sourcecode.swift; path = ExploreViewModel.swift; sourceTree = "<group>"; };
		A20000010000000000000020 /* HighlightCard.swift */ = {isa = PBXFileReference; lastKnownFileType = sourcecode.swift; path = HighlightCard.swift; sourceTree = "<group>"; };
		A20000010000000000000021 /* MapSearchService.swift */ = {isa = PBXFileReference; lastKnownFileType = sourcecode.swift; path = MapSearchService.swift; sourceTree = "<group>"; };
		A20000010000000000000022 /* Info.plist */ = {isa = PBXFileReference; lastKnownFileType = text.plist.xml; path = Info.plist; sourceTree = "<group>"; };
		A20000010000000000000023 /* AITravelGuide.entitlements */ = {isa = PBXFileReference; lastKnownFileType = text.plist.entitlements; path = AITravelGuide.entitlements; sourceTree = "<group>"; };
		A20000010000000000000024 /* APIKeyManager.swift */ = {isa = PBXFileReference; lastKnownFileType = sourcecode.swift; path = APIKeyManager.swift; sourceTree = "<group>"; };
		A20000010000000000000025 /* ClaudeAPIService.swift */ = {isa = PBXFileReference; lastKnownFileType = sourcecode.swift; path = ClaudeAPIService.swift; sourceTree = "<group>"; };
		A20000010000000000000026 /* SettingsView.swift */ = {isa = PBXFileReference; lastKnownFileType = sourcecode.swift; path = SettingsView.swift; sourceTree = "<group>"; };
/* End PBXFileReference section */

/* Begin PBXFrameworksBuildPhase section */
		A30000010000000000000001 /* Frameworks */ = {
			isa = PBXFrameworksBuildPhase;
			buildActionMask = 2147483647;
			files = (
			);
			runOnlyForDeploymentPostprocessing = 0;
		};
/* End PBXFrameworksBuildPhase section */

/* Begin PBXGroup section */
		A40000010000000000000001 = {
			isa = PBXGroup;
			children = (
				A40000010000000000000002 /* AITravelGuide */,
				A40000010000000000000009 /* Products */,
			);
			sourceTree = "<group>";
		};
		A40000010000000000000002 /* AITravelGuide */ = {
			isa = PBXGroup;
			children = (
				A20000010000000000000001 /* AITravelGuideApp.swift */,
				A20000010000000000000002 /* ContentView.swift */,
				A40000010000000000000003 /* Models */,
				A40000010000000000000004 /* Services */,
				A40000010000000000000005 /* Views */,
				A40000010000000000000007 /* ViewModels */,
				A40000010000000000000008 /* Resources */,
				A20000010000000000000022 /* Info.plist */,
				A20000010000000000000023 /* AITravelGuide.entitlements */,
			);
			path = AITravelGuide;
			sourceTree = "<group>";
		};
		A40000010000000000000003 /* Models */ = {
			isa = PBXGroup;
			children = (
				A20000010000000000000004 /* Tour.swift */,
				A20000010000000000000005 /* TourStop.swift */,
				A20000010000000000000006 /* PointOfInterest.swift */,
				A20000010000000000000007 /* ChatMessage.swift */,
			);
			path = Models;
			sourceTree = "<group>";
		};
		A40000010000000000000004 /* Services */ = {
			isa = PBXGroup;
			children = (
				A20000010000000000000008 /* LocationManager.swift */,
				A20000010000000000000009 /* TourGuideService.swift */,
				A20000010000000000000021 /* MapSearchService.swift */,
				A20000010000000000000024 /* APIKeyManager.swift */,
				A20000010000000000000025 /* ClaudeAPIService.swift */,
			);
			path = Services;
			sourceTree = "<group>";
		};
		A40000010000000000000005 /* Views */ = {
			isa = PBXGroup;
			children = (
				A20000010000000000000010 /* MapExploreView.swift */,
				A20000010000000000000011 /* TourView.swift */,
				A20000010000000000000012 /* ChatView.swift */,
				A20000010000000000000013 /* NearbyHighlightsView.swift */,
				A20000010000000000000026 /* SettingsView.swift */,
				A40000010000000000000006 /* Components */,
			);
			path = Views;
			sourceTree = "<group>";
		};
		A40000010000000000000006 /* Components */ = {
			isa = PBXGroup;
			children = (
				A20000010000000000000014 /* TourStopCard.swift */,
				A20000010000000000000015 /* POIAnnotationView.swift */,
				A20000010000000000000016 /* ChatBubble.swift */,
				A20000010000000000000020 /* HighlightCard.swift */,
			);
			path = Components;
			sourceTree = "<group>";
		};
		A40000010000000000000007 /* ViewModels */ = {
			isa = PBXGroup;
			children = (
				A20000010000000000000017 /* TourViewModel.swift */,
				A20000010000000000000018 /* ChatViewModel.swift */,
				A20000010000000000000019 /* ExploreViewModel.swift */,
			);
			path = ViewModels;
			sourceTree = "<group>";
		};
		A40000010000000000000008 /* Resources */ = {
			isa = PBXGroup;
			children = (
				A20000010000000000000003 /* Assets.xcassets */,
			);
			path = Resources;
			sourceTree = "<group>";
		};
		A40000010000000000000009 /* Products */ = {
			isa = PBXGroup;
			children = (
				A20000010000000000000000 /* AITravelGuide.app */,
			);
			name = Products;
			sourceTree = "<group>";
		};
/* End PBXGroup section */

/* Begin PBXNativeTarget section */
		A50000010000000000000001 /* AITravelGuide */ = {
			isa = PBXNativeTarget;
			buildConfigurationList = A70000010000000000000003 /* Build configuration list for PBXNativeTarget "AITravelGuide" */;
			buildPhases = (
				A60000010000000000000001 /* Sources */,
				A30000010000000000000001 /* Frameworks */,
				A80000010000000000000001 /* Resources */,
			);
			buildRules = (
			);
			dependencies = (
			);
			name = AITravelGuide;
			productName = AITravelGuide;
			productReference = A20000010000000000000000 /* AITravelGuide.app */;
			productType = "com.apple.product-type.application";
		};
/* End PBXNativeTarget section */

/* Begin PBXProject section */
		A90000010000000000000001 /* Project object */ = {
			isa = PBXProject;
			attributes = {
				BuildIndependentTargetsInParallel = 1;
				LastSwiftUpdateCheck = 1500;
				LastUpgradeCheck = 1500;
				TargetAttributes = {
					A50000010000000000000001 = {
						CreatedOnToolsVersion = 15.0;
					};
				};
			};
			buildConfigurationList = A70000010000000000000001 /* Build configuration list for PBXProject "AITravelGuide" */;
			compatibilityVersion = "Xcode 14.0";
			developmentRegion = en;
			hasScannedForEncodings = 0;
			knownRegions = (
				en,
				Base,
			);
			mainGroup = A40000010000000000000001;
			productRefGroup = A40000010000000000000009 /* Products */;
			projectDirPath = "";
			projectRoot = "";
			targets = (
				A50000010000000000000001 /* AITravelGuide */,
			);
		};
/* End PBXProject section */

/* Begin PBXResourcesBuildPhase section */
		A80000010000000000000001 /* Resources */ = {
			isa = PBXResourcesBuildPhase;
			buildActionMask = 2147483647;
			files = (
				A10000010000000000000003 /* Assets.xcassets in Resources */,
			);
			runOnlyForDeploymentPostprocessing = 0;
		};
/* End PBXResourcesBuildPhase section */

/* Begin PBXSourcesBuildPhase section */
		A60000010000000000000001 /* Sources */ = {
			isa = PBXSourcesBuildPhase;
			buildActionMask = 2147483647;
			files = (
				A10000010000000000000001 /* AITravelGuideApp.swift in Sources */,
				A10000010000000000000002 /* ContentView.swift in Sources */,
				A10000010000000000000004 /* Tour.swift in Sources */,
				A10000010000000000000005 /* TourStop.swift in Sources */,
				A10000010000000000000006 /* PointOfInterest.swift in Sources */,
				A10000010000000000000007 /* ChatMessage.swift in Sources */,
				A10000010000000000000008 /* LocationManager.swift in Sources */,
				A10000010000000000000009 /* TourGuideService.swift in Sources */,
				A10000010000000000000010 /* MapExploreView.swift in Sources */,
				A10000010000000000000011 /* TourView.swift in Sources */,
				A10000010000000000000012 /* ChatView.swift in Sources */,
				A10000010000000000000013 /* NearbyHighlightsView.swift in Sources */,
				A10000010000000000000014 /* TourStopCard.swift in Sources */,
				A10000010000000000000015 /* POIAnnotationView.swift in Sources */,
				A10000010000000000000016 /* ChatBubble.swift in Sources */,
				A10000010000000000000017 /* TourViewModel.swift in Sources */,
				A10000010000000000000018 /* ChatViewModel.swift in Sources */,
				A10000010000000000000019 /* ExploreViewModel.swift in Sources */,
				A10000010000000000000020 /* HighlightCard.swift in Sources */,
				A10000010000000000000021 /* MapSearchService.swift in Sources */,
				A10000010000000000000022 /* APIKeyManager.swift in Sources */,
				A10000010000000000000023 /* ClaudeAPIService.swift in Sources */,
				A10000010000000000000024 /* SettingsView.swift in Sources */,
			);
			runOnlyForDeploymentPostprocessing = 0;
		};
/* End PBXSourcesBuildPhase section */

/* Begin XCBuildConfiguration section */
		AA000001000000000000001 /* Debug */ = {
			isa = XCBuildConfiguration;
			buildSettings = {
				ALWAYS_SEARCH_USER_PATHS = NO;
				ASSETCATALOG_COMPILER_GENERATE_SWIFT_ASSET_SYMBOL_EXTENSIONS = YES;
				CLANG_ANALYZER_NONNULL = YES;
				CLANG_CXX_LANGUAGE_STANDARD = "gnu++20";
				CLANG_ENABLE_MODULES = YES;
				CLANG_ENABLE_OBJC_ARC = YES;
				COPY_PHASE_STRIP = NO;
				DEBUG_INFORMATION_FORMAT = dwarf;
				ENABLE_STRICT_OBJC_MSGSEND = YES;
				ENABLE_TESTABILITY = YES;
				GCC_DYNAMIC_NO_PIC = NO;
				GCC_OPTIMIZATION_LEVEL = 0;
				GCC_PREPROCESSOR_DEFINITIONS = (
					"DEBUG=1",
					"$(inherited)",
				);
				GCC_WARN_ABOUT_RETURN_TYPE = YES_ERROR;
				GCC_WARN_UNINITIALIZED_AUTOS = YES_AGGRESSIVE;
				IPHONEOS_DEPLOYMENT_TARGET = 17.0;
				MTL_ENABLE_DEBUG_INFO = INCLUDE_SOURCE;
				ONLY_ACTIVE_ARCH = YES;
				SDKROOT = iphoneos;
				SWIFT_ACTIVE_COMPILATION_CONDITIONS = "DEBUG $(inherited)";
				SWIFT_OPTIMIZATION_LEVEL = "-Onone";
			};
			name = Debug;
		};
		AA000001000000000000002 /* Release */ = {
			isa = XCBuildConfiguration;
			buildSettings = {
				ALWAYS_SEARCH_USER_PATHS = NO;
				ASSETCATALOG_COMPILER_GENERATE_SWIFT_ASSET_SYMBOL_EXTENSIONS = YES;
				CLANG_ANALYZER_NONNULL = YES;
				CLANG_CXX_LANGUAGE_STANDARD = "gnu++20";
				CLANG_ENABLE_MODULES = YES;
				CLANG_ENABLE_OBJC_ARC = YES;
				COPY_PHASE_STRIP = NO;
				DEBUG_INFORMATION_FORMAT = "dwarf-with-dsym";
				ENABLE_NS_ASSERTIONS = NO;
				ENABLE_STRICT_OBJC_MSGSEND = YES;
				GCC_WARN_ABOUT_RETURN_TYPE = YES_ERROR;
				GCC_WARN_UNINITIALIZED_AUTOS = YES_AGGRESSIVE;
				IPHONEOS_DEPLOYMENT_TARGET = 17.0;
				MTL_ENABLE_DEBUG_INFO = NO;
				SDKROOT = iphoneos;
				SWIFT_COMPILATION_MODE = wholemodule;
				VALIDATE_PRODUCT = YES;
			};
			name = Release;
		};
		AA000001000000000000003 /* Debug */ = {
			isa = XCBuildConfiguration;
			buildSettings = {
				ASSETCATALOG_COMPILER_APPICON_NAME = AppIcon;
				ASSETCATALOG_COMPILER_GLOBAL_ACCENT_COLOR_NAME = AccentColor;
				CODE_SIGN_ENTITLEMENTS = AITravelGuide/AITravelGuide.entitlements;
				CODE_SIGN_STYLE = Automatic;
				CURRENT_PROJECT_VERSION = 1;
				GENERATE_INFOPLIST_FILE = YES;
				INFOPLIST_FILE = AITravelGuide/Info.plist;
				INFOPLIST_KEY_CFBundleDisplayName = "AI Travel Guide";
				INFOPLIST_KEY_LSApplicationCategoryType = "public.app-category.travel";
				INFOPLIST_KEY_NSLocationAlwaysAndWhenInUseUsageDescription = "AI Travel Guide uses your location to provide personalized tours and highlight nearby points of interest.";
				INFOPLIST_KEY_NSLocationWhenInUseUsageDescription = "AI Travel Guide needs your location to create tours and show nearby highlights.";
				INFOPLIST_KEY_UIApplicationSceneManifest_Generation = YES;
				INFOPLIST_KEY_UIApplicationSupportsIndirectInputEvents = YES;
				INFOPLIST_KEY_UILaunchScreen_Generation = YES;
				INFOPLIST_KEY_UISupportedInterfaceOrientations_iPad = "UIInterfaceOrientationPortrait UIInterfaceOrientationPortraitUpsideDown UIInterfaceOrientationLandscapeLeft UIInterfaceOrientationLandscapeRight";
				INFOPLIST_KEY_UISupportedInterfaceOrientations_iPhone = "UIInterfaceOrientationPortrait UIInterfaceOrientationLandscapeLeft UIInterfaceOrientationLandscapeRight";
				LD_RUNPATH_SEARCH_PATHS = (
					"$(inherited)",
					"@executable_path/Frameworks",
				);
				MARKETING_VERSION = 1.0;
				PRODUCT_BUNDLE_IDENTIFIER = com.aitravelguide.app;
				PRODUCT_NAME = "$(TARGET_NAME)";
				SUPPORTED_PLATFORMS = "iphoneos iphonesimulator";
				SUPPORTS_MACCATALYST = NO;
				SWIFT_EMIT_LOC_STRINGS = YES;
				SWIFT_VERSION = 5.9;
				TARGETED_DEVICE_FAMILY = "1,2";
			};
			name = Debug;
		};
		AA000001000000000000004 /* Release */ = {
			isa = XCBuildConfiguration;
			buildSettings = {
				ASSETCATALOG_COMPILER_APPICON_NAME = AppIcon;
				ASSETCATALOG_COMPILER_GLOBAL_ACCENT_COLOR_NAME = AccentColor;
				CODE_SIGN_ENTITLEMENTS = AITravelGuide/AITravelGuide.entitlements;
				CODE_SIGN_STYLE = Automatic;
				CURRENT_PROJECT_VERSION = 1;
				GENERATE_INFOPLIST_FILE = YES;
				INFOPLIST_FILE = AITravelGuide/Info.plist;
				INFOPLIST_KEY_CFBundleDisplayName = "AI Travel Guide";
				INFOPLIST_KEY_LSApplicationCategoryType = "public.app-category.travel";
				INFOPLIST_KEY_NSLocationAlwaysAndWhenInUseUsageDescription = "AI Travel Guide uses your location to provide personalized tours and highlight nearby points of interest.";
				INFOPLIST_KEY_NSLocationWhenInUseUsageDescription = "AI Travel Guide needs your location to create tours and show nearby highlights.";
				INFOPLIST_KEY_UIApplicationSceneManifest_Generation = YES;
				INFOPLIST_KEY_UIApplicationSupportsIndirectInputEvents = YES;
				INFOPLIST_KEY_UILaunchScreen_Generation = YES;
				INFOPLIST_KEY_UISupportedInterfaceOrientations_iPad = "UIInterfaceOrientationPortrait UIInterfaceOrientationPortraitUpsideDown UIInterfaceOrientationLandscapeLeft UIInterfaceOrientationLandscapeRight";
				INFOPLIST_KEY_UISupportedInterfaceOrientations_iPhone = "UIInterfaceOrientationPortrait UIInterfaceOrientationLandscapeLeft UIInterfaceOrientationLandscapeRight";
				LD_RUNPATH_SEARCH_PATHS = (
					"$(inherited)",
					"@executable_path/Frameworks",
				);
				MARKETING_VERSION = 1.0;
				PRODUCT_BUNDLE_IDENTIFIER = com.aitravelguide.app;
				PRODUCT_NAME = "$(TARGET_NAME)";
				SUPPORTED_PLATFORMS = "iphoneos iphonesimulator";
				SUPPORTS_MACCATALYST = NO;
				SWIFT_EMIT_LOC_STRINGS = YES;
				SWIFT_VERSION = 5.9;
				TARGETED_DEVICE_FAMILY = "1,2";
			};
			name = Release;
		};
/* End XCBuildConfiguration section */

/* Begin XCConfigurationList section */
		A70000010000000000000001 /* Build configuration list for PBXProject "AITravelGuide" */ = {
			isa = XCConfigurationList;
			buildConfigurations = (
				AA000001000000000000001 /* Debug */,
				AA000001000000000000002 /* Release */,
			);
			defaultConfigurationIsVisible = 0;
			defaultConfigurationName = Release;
		};
		A70000010000000000000003 /* Build configuration list for PBXNativeTarget "AITravelGuide" */ = {
			isa = XCConfigurationList;
			buildConfigurations = (
				AA000001000000000000003 /* Debug */,
				AA000001000000000000004 /* Release */,
			);
			defaultConfigurationIsVisible = 0;
			defaultConfigurationName = Release;
		};
/* End XCConfigurationList section */
	};
	rootObject = A90000010000000000000001 /* Project object */;
}
